Microsoft Visual Studio Solution File, Format Version 12.00
# Visual Studio Version 17
VisualStudioVersion = 17.13.35828.75
MinimumVisualStudioVersion = 10.0.40219.1
Project("{FAE04EC0-301F-11D3-BF4B-00C04F79EFBC}") = "multi-auth", "multi-auth.csproj", "{9A610B08-D8FF-EE45-43FC-971445AF6D89}"
EndProject
Global
	GlobalSection(SolutionConfigurationPlatforms) = preSolution
		Debug|Any CPU = Debug|Any CPU
		Release|Any CPU = Release|Any CPU
	EndGlobalSection
	GlobalSection(ProjectConfigurationPlatforms) = postSolution
		{9A610B08-D8FF-EE45-43FC-971445AF6D89}.Debug|Any CPU.ActiveCfg = Debug|Any CPU
		{9A610B08-D8FF-EE45-43FC-971445AF6D89}.Debug|Any CPU.Build.0 = Debug|Any CPU
		{9A610B08-D8FF-EE45-43FC-971445AF6D89}.Release|Any CPU.ActiveCfg = Release|Any CPU
		{9A610B08-D8FF-EE45-43FC-971445AF6D89}.Release|Any CPU.Build.0 = Release|Any CPU
	EndGlobalSection
	GlobalSection(SolutionProperties) = preSolution
		HideSolutionNode = FALSE
	EndGlobalSection
	GlobalSection(ExtensibilityGlobals) = postSolution
		SolutionGuid = {5837456C-CCDB-48E2-8911-C7D28DAA918D}
	EndGlobalSection
EndGlobal
